
Microsoft Visual Studio Solution File, Format Version 12.00
# Visual Studio Version 16
VisualStudioVersion = 16.0.28803.352
MinimumVisualStudioVersion = 10.0.40219.1
Project("{FAE04EC0-301F-11D3-BF4B-00C04F79EFBC}") = "ConsoleApp3", "ConsoleApp3\ConsoleApp3.csproj", "{21FF3557-6468-4E4B-8E50-AB108CFAAA84}"
EndProject
Global
	GlobalSection(SolutionConfigurationPlatforms) = preSolution
		Debug|Any CPU = Debug|Any CPU
		Release|Any CPU = Release|Any CPU
	EndGlobalSection
	GlobalSection(ProjectConfigurationPlatforms) = postSolution
		{21FF3557-6468-4E4B-8E50-AB108CFAAA84}.Debug|Any CPU.ActiveCfg = Debug|Any CPU
		{21FF3557-6468-4E4B-8E50-AB108CFAAA84}.Debug|Any CPU.Build.0 = Debug|Any CPU
		{21FF3557-6468-4E4B-8E50-AB108CFAAA84}.Release|Any CPU.ActiveCfg = Release|Any CPU
		{21FF3557-6468-4E4B-8E50-AB108CFAAA84}.Release|Any CPU.Build.0 = Release|Any CPU
	EndGlobalSection
	GlobalSection(SolutionProperties) = preSolution
		HideSolutionNode = FALSE
	EndGlobalSection
	GlobalSection(ExtensibilityGlobals) = postSolution
		SolutionGuid = {069C46C4-F925-4E3D-A295-05D0C9D7EDE0}
	EndGlobalSection
EndGlobal
