
Microsoft Visual Studio Solution File, Format Version 12.00
# Visual Studio Version 16
VisualStudioVersion = 16.0.28803.352
MinimumVisualStudioVersion = 10.0.40219.1
Project("{FAE04EC0-301F-11D3-BF4B-00C04F79EFBC}") = "hsp(1-40", "hsp(1-40\hsp(1-40.csproj", "{55991C74-BC68-43B1-97F7-B8CDCA551B08}"
EndProject
Global
	GlobalSection(SolutionConfigurationPlatforms) = preSolution
		Debug|Any CPU = Debug|Any CPU
		Release|Any CPU = Release|Any CPU
	EndGlobalSection
	GlobalSection(ProjectConfigurationPlatforms) = postSolution
		{55991C74-BC68-43B1-97F7-B8CDCA551B08}.Debug|Any CPU.ActiveCfg = Debug|Any CPU
		{55991C74-BC68-43B1-97F7-B8CDCA551B08}.Debug|Any CPU.Build.0 = Debug|Any CPU
		{55991C74-BC68-43B1-97F7-B8CDCA551B08}.Release|Any CPU.ActiveCfg = Release|Any CPU
		{55991C74-BC68-43B1-97F7-B8CDCA551B08}.Release|Any CPU.Build.0 = Release|Any CPU
	EndGlobalSection
	GlobalSection(SolutionProperties) = preSolution
		HideSolutionNode = FALSE
	EndGlobalSection
	GlobalSection(ExtensibilityGlobals) = postSolution
		SolutionGuid = {503ED5BA-0D35-46D1-85D8-10592AEA4547}
	EndGlobalSection
EndGlobal
