
Microsoft Visual Studio Solution File, Format Version 12.00
# Visual Studio Version 16
VisualStudioVersion = 16.0.28803.352
MinimumVisualStudioVersion = 10.0.40219.1
Project("{FAE04EC0-301F-11D3-BF4B-00C04F79EFBC}") = "hsp1", "hsp1\hsp1.csproj", "{0A7DDCA0-F696-4F0C-89DC-E0D747B3FC9C}"
EndProject
Global
	GlobalSection(SolutionConfigurationPlatforms) = preSolution
		Debug|Any CPU = Debug|Any CPU
		Release|Any CPU = Release|Any CPU
	EndGlobalSection
	GlobalSection(ProjectConfigurationPlatforms) = postSolution
		{0A7DDCA0-F696-4F0C-89DC-E0D747B3FC9C}.Debug|Any CPU.ActiveCfg = Debug|Any CPU
		{0A7DDCA0-F696-4F0C-89DC-E0D747B3FC9C}.Debug|Any CPU.Build.0 = Debug|Any CPU
		{0A7DDCA0-F696-4F0C-89DC-E0D747B3FC9C}.Release|Any CPU.ActiveCfg = Release|Any CPU
		{0A7DDCA0-F696-4F0C-89DC-E0D747B3FC9C}.Release|Any CPU.Build.0 = Release|Any CPU
	EndGlobalSection
	GlobalSection(SolutionProperties) = preSolution
		HideSolutionNode = FALSE
	EndGlobalSection
	GlobalSection(ExtensibilityGlobals) = postSolution
		SolutionGuid = {D863CE84-B637-44A8-AAB8-EF6E5702D8D0}
	EndGlobalSection
EndGlobal
