
Microsoft Visual Studio Solution File, Format Version 12.00
# Visual Studio Version 16
VisualStudioVersion = 16.0.28803.352
MinimumVisualStudioVersion = 10.0.40219.1
Project("{FAE04EC0-301F-11D3-BF4B-00C04F79EFBC}") = "hsp2", "hsp2\hsp2.csproj", "{23A9D7F4-308E-4F22-9B4C-8B424CA3A3C8}"
EndProject
Global
	GlobalSection(SolutionConfigurationPlatforms) = preSolution
		Debug|Any CPU = Debug|Any CPU
		Release|Any CPU = Release|Any CPU
	EndGlobalSection
	GlobalSection(ProjectConfigurationPlatforms) = postSolution
		{23A9D7F4-308E-4F22-9B4C-8B424CA3A3C8}.Debug|Any CPU.ActiveCfg = Debug|Any CPU
		{23A9D7F4-308E-4F22-9B4C-8B424CA3A3C8}.Debug|Any CPU.Build.0 = Debug|Any CPU
		{23A9D7F4-308E-4F22-9B4C-8B424CA3A3C8}.Release|Any CPU.ActiveCfg = Release|Any CPU
		{23A9D7F4-308E-4F22-9B4C-8B424CA3A3C8}.Release|Any CPU.Build.0 = Release|Any CPU
	EndGlobalSection
	GlobalSection(SolutionProperties) = preSolution
		HideSolutionNode = FALSE
	EndGlobalSection
	GlobalSection(ExtensibilityGlobals) = postSolution
		SolutionGuid = {92603056-3B73-464B-9AC5-50B344AAD76E}
	EndGlobalSection
EndGlobal
